
Microsoft Visual Studio Solution File, Format Version 12.00
# Visual Studio Version 17
VisualStudioVersion = 17.8.34525.116
MinimumVisualStudioVersion = 10.0.40219.1
Project("{9A19103F-16F7-4668-BE54-9A1E7A4F7556}") = "AdaTech.EncurtadorDeLinks.WebAPI", "AdaTech.EncurtadorDeLinks.WebAPI\AdaTech.EncurtadorDeLinks.WebAPI.csproj", "{3DBF5F9F-6124-441D-8C62-CC1684390FFA}"
EndProject
Project("{9A19103F-16F7-4668-BE54-9A1E7A4F7556}") = "AdaTech.EncurtadorLinks.Test", "AdaTech.EncurtadorLinksTest\AdaTech.EncurtadorLinks.Test.csproj", "{471D714A-7625-4E38-9F59-C0DE32C5AC92}"
EndProject
Global
	GlobalSection(SolutionConfigurationPlatforms) = preSolution
		Debug|Any CPU = Debug|Any CPU
		Release|Any CPU = Release|Any CPU
	EndGlobalSection
	GlobalSection(ProjectConfigurationPlatforms) = postSolution
		{3DBF5F9F-6124-441D-8C62-CC1684390FFA}.Debug|Any CPU.ActiveCfg = Debug|Any CPU
		{3DBF5F9F-6124-441D-8C62-CC1684390FFA}.Debug|Any CPU.Build.0 = Debug|Any CPU
		{3DBF5F9F-6124-441D-8C62-CC1684390FFA}.Release|Any CPU.ActiveCfg = Release|Any CPU
		{3DBF5F9F-6124-441D-8C62-CC1684390FFA}.Release|Any CPU.Build.0 = Release|Any CPU
		{471D714A-7625-4E38-9F59-C0DE32C5AC92}.Debug|Any CPU.ActiveCfg = Debug|Any CPU
		{471D714A-7625-4E38-9F59-C0DE32C5AC92}.Debug|Any CPU.Build.0 = Debug|Any CPU
		{471D714A-7625-4E38-9F59-C0DE32C5AC92}.Release|Any CPU.ActiveCfg = Release|Any CPU
		{471D714A-7625-4E38-9F59-C0DE32C5AC92}.Release|Any CPU.Build.0 = Release|Any CPU
	EndGlobalSection
	GlobalSection(SolutionProperties) = preSolution
		HideSolutionNode = FALSE
	EndGlobalSection
	GlobalSection(ExtensibilityGlobals) = postSolution
		SolutionGuid = {0A667BB7-4F5D-48DC-8D0C-74DBFDA3847D}
	EndGlobalSection
EndGlobal
